
Microsoft Visual Studio Solution File, Format Version 12.00
# Visual Studio Version 17
VisualStudioVersion = 17.0.31903.59
MinimumVisualStudioVersion = 10.0.40219.1
Project("{2150E333-8FDC-42A3-9474-1A3956D46DE8}") = "src", "src", "{2CA14689-034C-47F4-BC63-A2D992A342A5}"
EndProject
Project("{9A19103F-16F7-4668-BE54-9A1E7A4F7556}") = "AuctionService", "src\AuctionService\AuctionService.csproj", "{6C052306-8E6F-4639-BF82-E0E0CD75A68B}"
EndProject
Project("{2150E333-8FDC-42A3-9474-1A3956D46DE8}") = "Solution Items", "Solution Items", "{97E17FA1-F9FD-4482-B6AE-7CDBBAFBCCE5}"
	ProjectSection(SolutionItems) = preProject
		docker-compose.yml = docker-compose.yml
	EndProjectSection
EndProject
Project("{FAE04EC0-301F-11D3-BF4B-00C04F79EFBC}") = "SearchService", "src\SearchService\SearchService.csproj", "{06F8F214-B7E7-4B04-B30B-F40E2111145C}"
EndProject
Project("{FAE04EC0-301F-11D3-BF4B-00C04F79EFBC}") = "Contracts", "src\Contracts\Contracts.csproj", "{79251442-B0CD-4BD1-8F81-4CC41952C08D}"
EndProject
Global
	GlobalSection(SolutionConfigurationPlatforms) = preSolution
		Debug|Any CPU = Debug|Any CPU
		Release|Any CPU = Release|Any CPU
	EndGlobalSection
	GlobalSection(ProjectConfigurationPlatforms) = postSolution
		{6C052306-8E6F-4639-BF82-E0E0CD75A68B}.Debug|Any CPU.ActiveCfg = Debug|Any CPU
		{6C052306-8E6F-4639-BF82-E0E0CD75A68B}.Debug|Any CPU.Build.0 = Debug|Any CPU
		{6C052306-8E6F-4639-BF82-E0E0CD75A68B}.Release|Any CPU.ActiveCfg = Release|Any CPU
		{6C052306-8E6F-4639-BF82-E0E0CD75A68B}.Release|Any CPU.Build.0 = Release|Any CPU
		{06F8F214-B7E7-4B04-B30B-F40E2111145C}.Debug|Any CPU.ActiveCfg = Debug|Any CPU
		{06F8F214-B7E7-4B04-B30B-F40E2111145C}.Debug|Any CPU.Build.0 = Debug|Any CPU
		{06F8F214-B7E7-4B04-B30B-F40E2111145C}.Release|Any CPU.ActiveCfg = Release|Any CPU
		{06F8F214-B7E7-4B04-B30B-F40E2111145C}.Release|Any CPU.Build.0 = Release|Any CPU
		{79251442-B0CD-4BD1-8F81-4CC41952C08D}.Debug|Any CPU.ActiveCfg = Debug|Any CPU
		{79251442-B0CD-4BD1-8F81-4CC41952C08D}.Debug|Any CPU.Build.0 = Debug|Any CPU
		{79251442-B0CD-4BD1-8F81-4CC41952C08D}.Release|Any CPU.ActiveCfg = Release|Any CPU
		{79251442-B0CD-4BD1-8F81-4CC41952C08D}.Release|Any CPU.Build.0 = Release|Any CPU
	EndGlobalSection
	GlobalSection(SolutionProperties) = preSolution
		HideSolutionNode = FALSE
	EndGlobalSection
	GlobalSection(NestedProjects) = preSolution
		{6C052306-8E6F-4639-BF82-E0E0CD75A68B} = {2CA14689-034C-47F4-BC63-A2D992A342A5}
		{06F8F214-B7E7-4B04-B30B-F40E2111145C} = {2CA14689-034C-47F4-BC63-A2D992A342A5}
		{79251442-B0CD-4BD1-8F81-4CC41952C08D} = {2CA14689-034C-47F4-BC63-A2D992A342A5}
	EndGlobalSection
EndGlobal
